Microsoft Visual Studio Solution File, Format Version 12.00
# Visual Studio Version 17
VisualStudioVersion = 17.0.31903.59
MinimumVisualStudioVersion = 10.0.40219.1
Project("{FAE04EC0-301F-11D3-BF4B-00C04F79EFBC}") = "SkDemo", "SkDemo\SkDemo.csproj", "{703C3DD9-2C76-4CBF-9472-236A2DE8DD06}"
EndProject
Project("{FAE04EC0-301F-11D3-BF4B-00C04F79EFBC}") = "MCPClient", "MCPClient\MCPClient.csproj", "{F93DC95A-4CF1-4615-91AA-802D6B3E5B77}"
EndProject
Project("{FAE04EC0-301F-11D3-BF4B-00C04F79EFBC}") = "MCPClassificationServer", "MCPClassificationServer\MCPClassificationServer.csproj", "{503A75C1-14A6-4E6B-B652-A2A11CDE4AB1}"
EndProject
Project("{FAE04EC0-301F-11D3-BF4B-00C04F79EFBC}") = "MCPInfoServer", "MCPInfoServer\MCPInfoServer.csproj", "{65A6EC7A-6713-46C2-89E8-E5993B5E9BBF}"
EndProject
Global
	GlobalSection(SolutionConfigurationPlatforms) = preSolution
		Debug|Any CPU = Debug|Any CPU
		Release|Any CPU = Release|Any CPU
	EndGlobalSection
	GlobalSection(SolutionProperties) = preSolution
		HideSolutionNode = FALSE
	EndGlobalSection
	GlobalSection(ProjectConfigurationPlatforms) = postSolution
		{703C3DD9-2C76-4CBF-9472-236A2DE8DD06}.Debug|Any CPU.ActiveCfg = Debug|Any CPU
		{703C3DD9-2C76-4CBF-9472-236A2DE8DD06}.Debug|Any CPU.Build.0 = Debug|Any CPU
		{703C3DD9-2C76-4CBF-9472-236A2DE8DD06}.Release|Any CPU.ActiveCfg = Release|Any CPU
		{703C3DD9-2C76-4CBF-9472-236A2DE8DD06}.Release|Any CPU.Build.0 = Release|Any CPU
		{F93DC95A-4CF1-4615-91AA-802D6B3E5B77}.Debug|Any CPU.ActiveCfg = Debug|Any CPU
		{F93DC95A-4CF1-4615-91AA-802D6B3E5B77}.Debug|Any CPU.Build.0 = Debug|Any CPU
		{F93DC95A-4CF1-4615-91AA-802D6B3E5B77}.Release|Any CPU.ActiveCfg = Release|Any CPU
		{F93DC95A-4CF1-4615-91AA-802D6B3E5B77}.Release|Any CPU.Build.0 = Release|Any CPU
		{503A75C1-14A6-4E6B-B652-A2A11CDE4AB1}.Debug|Any CPU.ActiveCfg = Debug|Any CPU
		{503A75C1-14A6-4E6B-B652-A2A11CDE4AB1}.Debug|Any CPU.Build.0 = Debug|Any CPU
		{503A75C1-14A6-4E6B-B652-A2A11CDE4AB1}.Release|Any CPU.ActiveCfg = Release|Any CPU
		{503A75C1-14A6-4E6B-B652-A2A11CDE4AB1}.Release|Any CPU.Build.0 = Release|Any CPU
		{65A6EC7A-6713-46C2-89E8-E5993B5E9BBF}.Debug|Any CPU.ActiveCfg = Debug|Any CPU
		{65A6EC7A-6713-46C2-89E8-E5993B5E9BBF}.Debug|Any CPU.Build.0 = Debug|Any CPU
		{65A6EC7A-6713-46C2-89E8-E5993B5E9BBF}.Release|Any CPU.ActiveCfg = Release|Any CPU
		{65A6EC7A-6713-46C2-89E8-E5993B5E9BBF}.Release|Any CPU.Build.0 = Release|Any CPU
	EndGlobalSection
EndGlobal
